
Microsoft Visual Studio Solution File, Format Version 12.00
# Visual Studio Version 17
VisualStudioVersion = 17.6.33815.320
MinimumVisualStudioVersion = 10.0.40219.1
Project("{FAE04EC0-301F-11D3-BF4B-00C04F79EFBC}") = "CHaser_Connector", "CHaser_Connector\CHaser_Connector.csproj", "{18956BEC-7EFD-4054-8CF3-7FA1AE8D5634}"
EndProject
Project("{FAE04EC0-301F-11D3-BF4B-00C04F79EFBC}") = "CHaser_Connector_Sample", "CHaser_Connector_Sample\CHaser_Connector_Sample.csproj", "{8F6F7711-21A7-4F0A-85ED-5ADFF2B26EA5}"
EndProject
Global
	GlobalSection(SolutionConfigurationPlatforms) = preSolution
		Debug|Any CPU = Debug|Any CPU
		Release|Any CPU = Release|Any CPU
	EndGlobalSection
	GlobalSection(ProjectConfigurationPlatforms) = postSolution
		{18956BEC-7EFD-4054-8CF3-7FA1AE8D5634}.Debug|Any CPU.ActiveCfg = Debug|Any CPU
		{18956BEC-7EFD-4054-8CF3-7FA1AE8D5634}.Debug|Any CPU.Build.0 = Debug|Any CPU
		{18956BEC-7EFD-4054-8CF3-7FA1AE8D5634}.Release|Any CPU.ActiveCfg = Release|Any CPU
		{18956BEC-7EFD-4054-8CF3-7FA1AE8D5634}.Release|Any CPU.Build.0 = Release|Any CPU
		{8F6F7711-21A7-4F0A-85ED-5ADFF2B26EA5}.Debug|Any CPU.ActiveCfg = Debug|Any CPU
		{8F6F7711-21A7-4F0A-85ED-5ADFF2B26EA5}.Debug|Any CPU.Build.0 = Debug|Any CPU
		{8F6F7711-21A7-4F0A-85ED-5ADFF2B26EA5}.Release|Any CPU.ActiveCfg = Release|Any CPU
		{8F6F7711-21A7-4F0A-85ED-5ADFF2B26EA5}.Release|Any CPU.Build.0 = Release|Any CPU
	EndGlobalSection
	GlobalSection(SolutionProperties) = preSolution
		HideSolutionNode = FALSE
	EndGlobalSection
	GlobalSection(ExtensibilityGlobals) = postSolution
		SolutionGuid = {8438EF1A-7D67-45FA-A983-F9A06F9FDDD3}
	EndGlobalSection
EndGlobal
